// !$*UTF8*$!
{
	archiveVersion = 1;
	classes = {
	};
	objectVersion = 56;
	objects = {

/* Begin PBXBuildFile section */
		6C1199AF2B179AA500FC4F43 /* MoviesListViewModel.swift in Sources */ = {isa = PBXBuildFile; fileRef = 6C1199AE2B179AA500FC4F43 /* MoviesListViewModel.swift */; };
		6C1199B52B179B7D00FC4F43 /* Movie.swift in Sources */ = {isa = PBXBuildFile; fileRef = 6C1199B42B179B7D00FC4F43 /* Movie.swift */; };
		6C1199B72B179DF000FC4F43 /* MovieDetailsView.swift in Sources */ = {isa = PBXBuildFile; fileRef = 6C1199B62B179DF000FC4F43 /* MovieDetailsView.swift */; };
		6C1199B92B179E2E00FC4F43 /* MovieDetails.swift in Sources */ = {isa = PBXBuildFile; fileRef = 6C1199B82B179E2E00FC4F43 /* MovieDetails.swift */; };
		6C1199BB2B179EF500FC4F43 /* MovieDetailsViewModel.swift in Sources */ = {isa = PBXBuildFile; fileRef = 6C1199BA2B179EF500FC4F43 /* MovieDetailsViewModel.swift */; };
		6C1199BE2B17AA5F00FC4F43 /* DownloadableImage.swift in Sources */ = {isa = PBXBuildFile; fileRef = 6C1199BD2B17AA5F00FC4F43 /* DownloadableImage.swift */; };
		6C50C4972B1665BF007A56E9 /* MoviesApplicationApp.swift in Sources */ = {isa = PBXBuildFile; fileRef = 6C50C4962B1665BF007A56E9 /* MoviesApplicationApp.swift */; };
		6C50C4992B1665BF007A56E9 /* MoviesListView.swift in Sources */ = {isa = PBXBuildFile; fileRef = 6C50C4982B1665BF007A56E9 /* MoviesListView.swift */; };
		6C50C49B2B1665C1007A56E9 /* Assets.xcassets in Resources */ = {isa = PBXBuildFile; fileRef = 6C50C49A2B1665C1007A56E9 /* Assets.xcassets */; };
		6C50C49E2B1665C1007A56E9 /* Preview Assets.xcassets in Resources */ = {isa = PBXBuildFile; fileRef = 6C50C49D2B1665C1007A56E9 /* Preview Assets.xcassets */; };
		6C50C4A82B1665C1007A56E9 /* MoviesApplicationTests.swift in Sources */ = {isa = PBXBuildFile; fileRef = 6C50C4A72B1665C1007A56E9 /* MoviesApplicationTests.swift */; };
		6C50C4B22B1665C1007A56E9 /* MoviesApplicationUITests.swift in Sources */ = {isa = PBXBuildFile; fileRef = 6C50C4B12B1665C1007A56E9 /* MoviesApplicationUITests.swift */; };
		6C50C4B42B1665C1007A56E9 /* MoviesApplicationUITestsLaunchTests.swift in Sources */ = {isa = PBXBuildFile; fileRef = 6C50C4B32B1665C1007A56E9 /* MoviesApplicationUITestsLaunchTests.swift */; };
/* End PBXBuildFile section */

/* Begin PBXContainerItemProxy section */
		6C50C4A42B1665C1007A56E9 /* PBXContainerItemProxy */ = {
			isa = PBXContainerItemProxy;
			containerPortal = 6C50C48B2B1665BF007A56E9 /* Project object */;
			proxyType = 1;
			remoteGlobalIDString = 6C50C4922B1665BF007A56E9;
			remoteInfo = MoviesApplication;
		};
		6C50C4AE2B1665C1007A56E9 /* PBXContainerItemProxy */ = {
			isa = PBXContainerItemProxy;
			containerPortal = 6C50C48B2B1665BF007A56E9 /* Project object */;
			proxyType = 1;
			remoteGlobalIDString = 6C50C4922B1665BF007A56E9;
			remoteInfo = MoviesApplication;
		};
/* End PBXContainerItemProxy section */

/* Begin PBXFileReference section */
		6C1199AE2B179AA500FC4F43 /* MoviesListViewModel.swift */ = {isa = PBXFileReference; lastKnownFileType = sourcecode.swift; path = MoviesListViewModel.swift; sourceTree = "<group>"; };
		6C1199B42B179B7D00FC4F43 /* Movie.swift */ = {isa = PBXFileReference; lastKnownFileType = sourcecode.swift; path = Movie.swift; sourceTree = "<group>"; };
		6C1199B62B179DF000FC4F43 /* MovieDetailsView.swift */ = {isa = PBXFileReference; lastKnownFileType = sourcecode.swift; path = MovieDetailsView.swift; sourceTree = "<group>"; };
		6C1199B82B179E2E00FC4F43 /* MovieDetails.swift */ = {isa = PBXFileReference; lastKnownFileType = sourcecode.swift; path = MovieDetails.swift; sourceTree = "<group>"; };
		6C1199BA2B179EF500FC4F43 /* MovieDetailsViewModel.swift */ = {isa = PBXFileReference; lastKnownFileType = sourcecode.swift; path = MovieDetailsViewModel.swift; sourceTree = "<group>"; };
		6C1199BD2B17AA5F00FC4F43 /* DownloadableImage.swift */ = {isa = PBXFileReference; lastKnownFileType = sourcecode.swift; path = DownloadableImage.swift; sourceTree = "<group>"; };
		6C50C4932B1665BF007A56E9 /* MoviesApplication.app */ = {isa = PBXFileReference; explicitFileType = wrapper.application; includeInIndex = 0; path = MoviesApplication.app; sourceTree = BUILT_PRODUCTS_DIR; };
		6C50C4962B1665BF007A56E9 /* MoviesApplicationApp.swift */ = {isa = PBXFileReference; lastKnownFileType = sourcecode.swift; path = MoviesApplicationApp.swift; sourceTree = "<group>"; };
		6C50C4982B1665BF007A56E9 /* MoviesListView.swift */ = {isa = PBXFileReference; lastKnownFileType = sourcecode.swift; path = MoviesListView.swift; sourceTree = "<group>"; };
		6C50C49A2B1665C1007A56E9 /* Assets.xcassets */ = {isa = PBXFileReference; lastKnownFileType = folder.assetcatalog; path = Assets.xcassets; sourceTree = "<group>"; };
		6C50C49D2B1665C1007A56E9 /* Preview Assets.xcassets */ = {isa = PBXFileReference; lastKnownFileType = folder.assetcatalog; path = "Preview Assets.xcassets"; sourceTree = "<group>"; };
		6C50C4A32B1665C1007A56E9 /* MoviesApplicationTests.xctest */ = {isa = PBXFileReference; explicitFileType = wrapper.cfbundle; includeInIndex = 0; path = MoviesApplicationTests.xctest; sourceTree = BUILT_PRODUCTS_DIR; };
		6C50C4A72B1665C1007A56E9 /* MoviesApplicationTests.swift */ = {isa = PBXFileReference; lastKnownFileType = sourcecode.swift; path = MoviesApplicationTests.swift; sourceTree = "<group>"; };
		6C50C4AD2B1665C1007A56E9 /* MoviesApplicationUITests.xctest */ = {isa = PBXFileReference; explicitFileType = wrapper.cfbundle; includeInIndex = 0; path = MoviesApplicationUITests.xctest; sourceTree = BUILT_PRODUCTS_DIR; };
		6C50C4B12B1665C1007A56E9 /* MoviesApplicationUITests.swift */ = {isa = PBXFileReference; lastKnownFileType = sourcecode.swift; path = MoviesApplicationUITests.swift; sourceTree = "<group>"; };
		6C50C4B32B1665C1007A56E9 /* MoviesApplicationUITestsLaunchTests.swift */ = {isa = PBXFileReference; lastKnownFileType = sourcecode.swift; path = MoviesApplicationUITestsLaunchTests.swift; sourceTree = "<group>"; };
/* End PBXFileReference section */

/* Begin PBXFrameworksBuildPhase section */
		6C50C4902B1665BF007A56E9 /* Frameworks */ = {
			isa = PBXFrameworksBuildPhase;
			buildActionMask = 2147483647;
			files = (
			);
			runOnlyForDeploymentPostprocessing = 0;
		};
		6C50C4A02B1665C1007A56E9 /* Frameworks */ = {
			isa = PBXFrameworksBuildPhase;
			buildActionMask = 2147483647;
			files = (
			);
			runOnlyForDeploymentPostprocessing = 0;
		};
		6C50C4AA2B1665C1007A56E9 /* Frameworks */ = {
			isa = PBXFrameworksBuildPhase;
			buildActionMask = 2147483647;
			files = (
			);
			runOnlyForDeploymentPostprocessing = 0;
		};
/* End PBXFrameworksBuildPhase section */

/* Begin PBXGroup section */
		6C1199B02B179AAB00FC4F43 /* MoviesList */ = {
			isa = PBXGroup;
			children = (
				6C1199AE2B179AA500FC4F43 /* MoviesListViewModel.swift */,
				6C50C4982B1665BF007A56E9 /* MoviesListView.swift */,
				6C1199B42B179B7D00FC4F43 /* Movie.swift */,
			);
			path = MoviesList;
			sourceTree = "<group>";
		};
		6C1199B12B179AB300FC4F43 /* Scenes */ = {
			isa = PBXGroup;
			children = (
				6C1199B22B179AC400FC4F43 /* MovieDetails */,
				6C1199B02B179AAB00FC4F43 /* MoviesList */,
			);
			path = Scenes;
			sourceTree = "<group>";
		};
		6C1199B22B179AC400FC4F43 /* MovieDetails */ = {
			isa = PBXGroup;
			children = (
				6C1199B62B179DF000FC4F43 /* MovieDetailsView.swift */,
				6C1199B82B179E2E00FC4F43 /* MovieDetails.swift */,
				6C1199BA2B179EF500FC4F43 /* MovieDetailsViewModel.swift */,
			);
			path = MovieDetails;
			sourceTree = "<group>";
		};
		6C1199B32B179AD300FC4F43 /* NetworkPackage */ = {
			isa = PBXGroup;
			children = (
			);
			path = NetworkPackage;
			sourceTree = "<group>";
		};
		6C1199BC2B17AA4E00FC4F43 /* UIComponents */ = {
			isa = PBXGroup;
			children = (
				6C1199BD2B17AA5F00FC4F43 /* DownloadableImage.swift */,
			);
			path = UIComponents;
			sourceTree = "<group>";
		};
		6C50C48A2B1665BF007A56E9 = {
			isa = PBXGroup;
			children = (
				6C50C4952B1665BF007A56E9 /* MoviesApplication */,
				6C50C4A62B1665C1007A56E9 /* MoviesApplicationTests */,
				6C50C4B02B1665C1007A56E9 /* MoviesApplicationUITests */,
				6C50C4942B1665BF007A56E9 /* Products */,
			);
			sourceTree = "<group>";
		};
		6C50C4942B1665BF007A56E9 /* Products */ = {
			isa = PBXGroup;
			children = (
				6C50C4932B1665BF007A56E9 /* MoviesApplication.app */,
				6C50C4A32B1665C1007A56E9 /* MoviesApplicationTests.xctest */,
				6C50C4AD2B1665C1007A56E9 /* MoviesApplicationUITests.xctest */,
			);
			name = Products;
			sourceTree = "<group>";
		};
		6C50C4952B1665BF007A56E9 /* MoviesApplication */ = {
			isa = PBXGroup;
			children = (
				6C1199BC2B17AA4E00FC4F43 /* UIComponents */,
				6C1199B32B179AD300FC4F43 /* NetworkPackage */,
				6C1199B12B179AB300FC4F43 /* Scenes */,
				6C50C4962B1665BF007A56E9 /* MoviesApplicationApp.swift */,
				6C50C49A2B1665C1007A56E9 /* Assets.xcassets */,
				6C50C49C2B1665C1007A56E9 /* Preview Content */,
			);
			path = MoviesApplication;
			sourceTree = "<group>";
		};
		6C50C49C2B1665C1007A56E9 /* Preview Content */ = {
			isa = PBXGroup;
			children = (
				6C50C49D2B1665C1007A56E9 /* Preview Assets.xcassets */,
			);
			path = "Preview Content";
			sourceTree = "<group>";
		};
		6C50C4A62B1665C1007A56E9 /* MoviesApplicationTests */ = {
			isa = PBXGroup;
			children = (
				6C50C4A72B1665C1007A56E9 /* MoviesApplicationTests.swift */,
			);
			path = MoviesApplicationTests;
			sourceTree = "<group>";
		};
		6C50C4B02B1665C1007A56E9 /* MoviesApplicationUITests */ = {
			isa = PBXGroup;
			children = (
				6C50C4B12B1665C1007A56E9 /* MoviesApplicationUITests.swift */,
				6C50C4B32B1665C1007A56E9 /* MoviesApplicationUITestsLaunchTests.swift */,
			);
			path = MoviesApplicationUITests;
			sourceTree = "<group>";
		};
/* End PBXGroup section */

/* Begin PBXNativeTarget section */
		6C50C4922B1665BF007A56E9 /* MoviesApplication */ = {
			isa = PBXNativeTarget;
			buildConfigurationList = 6C50C4B72B1665C1007A56E9 /* Build configuration list for PBXNativeTarget "MoviesApplication" */;
			buildPhases = (
				6C50C48F2B1665BF007A56E9 /* Sources */,
				6C50C4902B1665BF007A56E9 /* Frameworks */,
				6C50C4912B1665BF007A56E9 /* Resources */,
			);
			buildRules = (
			);
			dependencies = (
			);
			name = MoviesApplication;
			productName = MoviesApplication;
			productReference = 6C50C4932B1665BF007A56E9 /* MoviesApplication.app */;
			productType = "com.apple.product-type.application";
		};
		6C50C4A22B1665C1007A56E9 /* MoviesApplicationTests */ = {
			isa = PBXNativeTarget;
			buildConfigurationList = 6C50C4BA2B1665C1007A56E9 /* Build configuration list for PBXNativeTarget "MoviesApplicationTests" */;
			buildPhases = (
				6C50C49F2B1665C1007A56E9 /* Sources */,
				6C50C4A02B1665C1007A56E9 /* Frameworks */,
				6C50C4A12B1665C1007A56E9 /* Resources */,
			);
			buildRules = (
			);
			dependencies = (
				6C50C4A52B1665C1007A56E9 /* PBXTargetDependency */,
			);
			name = MoviesApplicationTests;
			productName = MoviesApplicationTests;
			productReference = 6C50C4A32B1665C1007A56E9 /* MoviesApplicationTests.xctest */;
			productType = "com.apple.product-type.bundle.unit-test";
		};
		6C50C4AC2B1665C1007A56E9 /* MoviesApplicationUITests */ = {
			isa = PBXNativeTarget;
			buildConfigurationList = 6C50C4BD2B1665C1007A56E9 /* Build configuration list for PBXNativeTarget "MoviesApplicationUITests" */;
			buildPhases = (
				6C50C4A92B1665C1007A56E9 /* Sources */,
				6C50C4AA2B1665C1007A56E9 /* Frameworks */,
				6C50C4AB2B1665C1007A56E9 /* Resources */,
			);
			buildRules = (
			);
			dependencies = (
				6C50C4AF2B1665C1007A56E9 /* PBXTargetDependency */,
			);
			name = MoviesApplicationUITests;
			productName = MoviesApplicationUITests;
			productReference = 6C50C4AD2B1665C1007A56E9 /* MoviesApplicationUITests.xctest */;
			productType = "com.apple.product-type.bundle.ui-testing";
		};
/* End PBXNativeTarget section */

/* Begin PBXProject section */
		6C50C48B2B1665BF007A56E9 /* Project object */ = {
			isa = PBXProject;
			attributes = {
				BuildIndependentTargetsInParallel = 1;
				LastSwiftUpdateCheck = 1500;
				LastUpgradeCheck = 1500;
				TargetAttributes = {
					6C50C4922B1665BF007A56E9 = {
						CreatedOnToolsVersion = 15.0;
					};
					6C50C4A22B1665C1007A56E9 = {
						CreatedOnToolsVersion = 15.0;
						TestTargetID = 6C50C4922B1665BF007A56E9;
					};
					6C50C4AC2B1665C1007A56E9 = {
						CreatedOnToolsVersion = 15.0;
						TestTargetID = 6C50C4922B1665BF007A56E9;
					};
				};
			};
			buildConfigurationList = 6C50C48E2B1665BF007A56E9 /* Build configuration list for PBXProject "MoviesApplication" */;
			compatibilityVersion = "Xcode 14.0";
			developmentRegion = en;
			hasScannedForEncodings = 0;
			knownRegions = (
				en,
				Base,
			);
			mainGroup = 6C50C48A2B1665BF007A56E9;
			productRefGroup = 6C50C4942B1665BF007A56E9 /* Products */;
			projectDirPath = "";
			projectRoot = "";
			targets = (
				6C50C4922B1665BF007A56E9 /* MoviesApplication */,
				6C50C4A22B1665C1007A56E9 /* MoviesApplicationTests */,
				6C50C4AC2B1665C1007A56E9 /* MoviesApplicationUITests */,
			);
		};
/* End PBXProject section */

/* Begin PBXResourcesBuildPhase section */
		6C50C4912B1665BF007A56E9 /* Resources */ = {
			isa = PBXResourcesBuildPhase;
			buildActionMask = 2147483647;
			files = (
				6C50C49E2B1665C1007A56E9 /* Preview Assets.xcassets in Resources */,
				6C50C49B2B1665C1007A56E9 /* Assets.xcassets in Resources */,
			);
			runOnlyForDeploymentPostprocessing = 0;
		};
		6C50C4A12B1665C1007A56E9 /* Resources */ = {
			isa = PBXResourcesBuildPhase;
			buildActionMask = 2147483647;
			files = (
			);
			runOnlyForDeploymentPostprocessing = 0;
		};
		6C50C4AB2B1665C1007A56E9 /* Resources */ = {
			isa = PBXResourcesBuildPhase;
			buildActionMask = 2147483647;
			files = (
			);
			runOnlyForDeploymentPostprocessing = 0;
		};
/* End PBXResourcesBuildPhase section */

/* Begin PBXSourcesBuildPhase section */
		6C50C48F2B1665BF007A56E9 /* Sources */ = {
			isa = PBXSourcesBuildPhase;
			buildActionMask = 2147483647;
			files = (
				6C1199BB2B179EF500FC4F43 /* MovieDetailsViewModel.swift in Sources */,
				6C1199BE2B17AA5F00FC4F43 /* DownloadableImage.swift in Sources */,
				6C1199AF2B179AA500FC4F43 /* MoviesListViewModel.swift in Sources */,
				6C50C4992B1665BF007A56E9 /* MoviesListView.swift in Sources */,
				6C1199B52B179B7D00FC4F43 /* Movie.swift in Sources */,
				6C50C4972B1665BF007A56E9 /* MoviesApplicationApp.swift in Sources */,
				6C1199B72B179DF000FC4F43 /* MovieDetailsView.swift in Sources */,
				6C1199B92B179E2E00FC4F43 /* MovieDetails.swift in Sources */,
			);
			runOnlyForDeploymentPostprocessing = 0;
		};
		6C50C49F2B1665C1007A56E9 /* Sources */ = {
			isa = PBXSourcesBuildPhase;
			buildActionMask = 2147483647;
			files = (
				6C50C4A82B1665C1007A56E9 /* MoviesApplicationTests.swift in Sources */,
			);
			runOnlyForDeploymentPostprocessing = 0;
		};
		6C50C4A92B1665C1007A56E9 /* Sources */ = {
			isa = PBXSourcesBuildPhase;
			buildActionMask = 2147483647;
			files = (
				6C50C4B42B1665C1007A56E9 /* MoviesApplicationUITestsLaunchTests.swift in Sources */,
				6C50C4B22B1665C1007A56E9 /* MoviesApplicationUITests.swift in Sources */,
			);
			runOnlyForDeploymentPostprocessing = 0;
		};
/* End PBXSourcesBuildPhase section */

/* Begin PBXTargetDependency section */
		6C50C4A52B1665C1007A56E9 /* PBXTargetDependency */ = {
			isa = PBXTargetDependency;
			target = 6C50C4922B1665BF007A56E9 /* MoviesApplication */;
			targetProxy = 6C50C4A42B1665C1007A56E9 /* PBXContainerItemProxy */;
		};
		6C50C4AF2B1665C1007A56E9 /* PBXTargetDependency */ = {
			isa = PBXTargetDependency;
			target = 6C50C4922B1665BF007A56E9 /* MoviesApplication */;
			targetProxy = 6C50C4AE2B1665C1007A56E9 /* PBXContainerItemProxy */;
		};
/* End PBXTargetDependency section */

/* Begin XCBuildConfiguration section */
		6C50C4B52B1665C1007A56E9 /* Debug */ = {
			isa = XCBuildConfiguration;
			buildSettings = {
				ALWAYS_SEARCH_USER_PATHS = NO;
				ASSETCATALOG_COMPILER_GENERATE_SWIFT_ASSET_SYMBOL_EXTENSIONS = YES;
				CLANG_ANALYZER_NONNULL = YES;
				CLANG_ANALYZER_NUMBER_OBJECT_CONVERSION = YES_AGGRESSIVE;
				CLANG_CXX_LANGUAGE_STANDARD = "gnu++20";
				CLANG_ENABLE_MODULES = YES;
				CLANG_ENABLE_OBJC_ARC = YES;
				CLANG_ENABLE_OBJC_WEAK = YES;
				CLANG_WARN_BLOCK_CAPTURE_AUTORELEASING = YES;
				CLANG_WARN_BOOL_CONVERSION = YES;
				CLANG_WARN_COMMA = YES;
				CLANG_WARN_CONSTANT_CONVERSION = YES;
				CLANG_WARN_DEPRECATED_OBJC_IMPLEMENTATIONS = YES;
				CLANG_WARN_DIRECT_OBJC_ISA_USAGE = YES_ERROR;
				CLANG_WARN_DOCUMENTATION_COMMENTS = YES;
				CLANG_WARN_EMPTY_BODY = YES;
				CLANG_WARN_ENUM_CONVERSION = YES;
				CLANG_WARN_INFINITE_RECURSION = YES;
				CLANG_WARN_INT_CONVERSION = YES;
				CLANG_WARN_NON_LITERAL_NULL_CONVERSION = YES;
				CLANG_WARN_OBJC_IMPLICIT_RETAIN_SELF = YES;
				CLANG_WARN_OBJC_LITERAL_CONVERSION = YES;
				CLANG_WARN_OBJC_ROOT_CLASS = YES_ERROR;
				CLANG_WARN_QUOTED_INCLUDE_IN_FRAMEWORK_HEADER = YES;
				CLANG_WARN_RANGE_LOOP_ANALYSIS = YES;
				CLANG_WARN_STRICT_PROTOTYPES = YES;
				CLANG_WARN_SUSPICIOUS_MOVE = YES;
				CLANG_WARN_UNGUARDED_AVAILABILITY = YES_AGGRESSIVE;
				CLANG_WARN_UNREACHABLE_CODE = YES;
				CLANG_WARN__DUPLICATE_METHOD_MATCH = YES;
				COPY_PHASE_STRIP = NO;
				DEBUG_INFORMATION_FORMAT = dwarf;
				ENABLE_STRICT_OBJC_MSGSEND = YES;
				ENABLE_TESTABILITY = YES;
				ENABLE_USER_SCRIPT_SANDBOXING = YES;
				GCC_C_LANGUAGE_STANDARD = gnu17;
				GCC_DYNAMIC_NO_PIC = NO;
				GCC_NO_COMMON_BLOCKS = YES;
				GCC_OPTIMIZATION_LEVEL = 0;
				GCC_PREPROCESSOR_DEFINITIONS = (
					"DEBUG=1",
					"$(inherited)",
				);
				GCC_WARN_64_TO_32_BIT_CONVERSION = YES;
				GCC_WARN_ABOUT_RETURN_TYPE = YES_ERROR;
				GCC_WARN_UNDECLARED_SELECTOR = YES;
				GCC_WARN_UNINITIALIZED_AUTOS = YES_AGGRESSIVE;
				GCC_WARN_UNUSED_FUNCTION = YES;
				GCC_WARN_UNUSED_VARIABLE = YES;
				IPHONEOS_DEPLOYMENT_TARGET = 17.0;
				LOCALIZATION_PREFERS_STRING_CATALOGS = YES;
				MTL_ENABLE_DEBUG_INFO = INCLUDE_SOURCE;
				MTL_FAST_MATH = YES;
				ONLY_ACTIVE_ARCH = YES;
				SDKROOT = iphoneos;
				SWIFT_ACTIVE_COMPILATION_CONDITIONS = "DEBUG $(inherited)";
				SWIFT_OPTIMIZATION_LEVEL = "-Onone";
			};
			name = Debug;
		};
		6C50C4B62B1665C1007A56E9 /* Release */ = {
			isa = XCBuildConfiguration;
			buildSettings = {
				ALWAYS_SEARCH_USER_PATHS = NO;
				ASSETCATALOG_COMPILER_GENERATE_SWIFT_ASSET_SYMBOL_EXTENSIONS = YES;
				CLANG_ANALYZER_NONNULL = YES;
				CLANG_ANALYZER_NUMBER_OBJECT_CONVERSION = YES_AGGRESSIVE;
				CLANG_CXX_LANGUAGE_STANDARD = "gnu++20";
				CLANG_ENABLE_MODULES = YES;
				CLANG_ENABLE_OBJC_ARC = YES;
				CLANG_ENABLE_OBJC_WEAK = YES;
				CLANG_WARN_BLOCK_CAPTURE_AUTORELEASING = YES;
				CLANG_WARN_BOOL_CONVERSION = YES;
				CLANG_WARN_COMMA = YES;
				CLANG_WARN_CONSTANT_CONVERSION = YES;
				CLANG_WARN_DEPRECATED_OBJC_IMPLEMENTATIONS = YES;
				CLANG_WARN_DIRECT_OBJC_ISA_USAGE = YES_ERROR;
				CLANG_WARN_DOCUMENTATION_COMMENTS = YES;
				CLANG_WARN_EMPTY_BODY = YES;
				CLANG_WARN_ENUM_CONVERSION = YES;
				CLANG_WARN_INFINITE_RECURSION = YES;
				CLANG_WARN_INT_CONVERSION = YES;
				CLANG_WARN_NON_LITERAL_NULL_CONVERSION = YES;
				CLANG_WARN_OBJC_IMPLICIT_RETAIN_SELF = YES;
				CLANG_WARN_OBJC_LITERAL_CONVERSION = YES;
				CLANG_WARN_OBJC_ROOT_CLASS = YES_ERROR;
				CLANG_WARN_QUOTED_INCLUDE_IN_FRAMEWORK_HEADER = YES;
				CLANG_WARN_RANGE_LOOP_ANALYSIS = YES;
				CLANG_WARN_STRICT_PROTOTYPES = YES;
				CLANG_WARN_SUSPICIOUS_MOVE = YES;
				CLANG_WARN_UNGUARDED_AVAILABILITY = YES_AGGRESSIVE;
				CLANG_WARN_UNREACHABLE_CODE = YES;
				CLANG_WARN__DUPLICATE_METHOD_MATCH = YES;
				COPY_PHASE_STRIP = NO;
				DEBUG_INFORMATION_FORMAT = "dwarf-with-dsym";
				ENABLE_NS_ASSERTIONS = NO;
				ENABLE_STRICT_OBJC_MSGSEND = YES;
				ENABLE_USER_SCRIPT_SANDBOXING = YES;
				GCC_C_LANGUAGE_STANDARD = gnu17;
				GCC_NO_COMMON_BLOCKS = YES;
				GCC_WARN_64_TO_32_BIT_CONVERSION = YES;
				GCC_WARN_ABOUT_RETURN_TYPE = YES_ERROR;
				GCC_WARN_UNDECLARED_SELECTOR = YES;
				GCC_WARN_UNINITIALIZED_AUTOS = YES_AGGRESSIVE;
				GCC_WARN_UNUSED_FUNCTION = YES;
				GCC_WARN_UNUSED_VARIABLE = YES;
				IPHONEOS_DEPLOYMENT_TARGET = 17.0;
				LOCALIZATION_PREFERS_STRING_CATALOGS = YES;
				MTL_ENABLE_DEBUG_INFO = NO;
				MTL_FAST_MATH = YES;
				SDKROOT = iphoneos;
				SWIFT_COMPILATION_MODE = wholemodule;
				VALIDATE_PRODUCT = YES;
			};
			name = Release;
		};
		6C50C4B82B1665C1007A56E9 /* Debug */ = {
			isa = XCBuildConfiguration;
			buildSettings = {
				ASSETCATALOG_COMPILER_APPICON_NAME = AppIcon;
				ASSETCATALOG_COMPILER_GLOBAL_ACCENT_COLOR_NAME = AccentColor;
				CODE_SIGN_STYLE = Automatic;
				CURRENT_PROJECT_VERSION = 1;
				DEVELOPMENT_ASSET_PATHS = "\"MoviesApplication/Preview Content\"";
				ENABLE_PREVIEWS = YES;
				GENERATE_INFOPLIST_FILE = YES;
				INFOPLIST_KEY_UIApplicationSceneManifest_Generation = YES;
				INFOPLIST_KEY_UIApplicationSupportsIndirectInputEvents = YES;
				INFOPLIST_KEY_UILaunchScreen_Generation = YES;
				INFOPLIST_KEY_UISupportedInterfaceOrientations_iPad = "UIInterfaceOrientationPortrait UIInterfaceOrientationPortraitUpsideDown UIInterfaceOrientationLandscapeLeft UIInterfaceOrientationLandscapeRight";
				INFOPLIST_KEY_UISupportedInterfaceOrientations_iPhone = "UIInterfaceOrientationPortrait UIInterfaceOrientationLandscapeLeft UIInterfaceOrientationLandscapeRight";
				LD_RUNPATH_SEARCH_PATHS = (
					"$(inherited)",
					"@executable_path/Frameworks",
				);
				MARKETING_VERSION = 1.0;
				PRODUCT_BUNDLE_IDENTIFIER = abozaid.yassir.MoviesApplication;
				PRODUCT_NAME = "$(TARGET_NAME)";
				SWIFT_EMIT_LOC_STRINGS = YES;
				SWIFT_VERSION = 5.0;
				TARGETED_DEVICE_FAMILY = "1,2";
			};
			name = Debug;
		};
		6C50C4B92B1665C1007A56E9 /* Release */ = {
			isa = XCBuildConfiguration;
			buildSettings = {
				ASSETCATALOG_COMPILER_APPICON_NAME = AppIcon;
				ASSETCATALOG_COMPILER_GLOBAL_ACCENT_COLOR_NAME = AccentColor;
				CODE_SIGN_STYLE = Automatic;
				CURRENT_PROJECT_VERSION = 1;
				DEVELOPMENT_ASSET_PATHS = "\"MoviesApplication/Preview Content\"";
				ENABLE_PREVIEWS = YES;
				GENERATE_INFOPLIST_FILE = YES;
				INFOPLIST_KEY_UIApplicationSceneManifest_Generation = YES;
				INFOPLIST_KEY_UIApplicationSupportsIndirectInputEvents = YES;
				INFOPLIST_KEY_UILaunchScreen_Generation = YES;
				INFOPLIST_KEY_UISupportedInterfaceOrientations_iPad = "UIInterfaceOrientationPortrait UIInterfaceOrientationPortraitUpsideDown UIInterfaceOrientationLandscapeLeft UIInterfaceOrientationLandscapeRight";
				INFOPLIST_KEY_UISupportedInterfaceOrientations_iPhone = "UIInterfaceOrientationPortrait UIInterfaceOrientationLandscapeLeft UIInterfaceOrientationLandscapeRight";
				LD_RUNPATH_SEARCH_PATHS = (
					"$(inherited)",
					"@executable_path/Frameworks",
				);
				MARKETING_VERSION = 1.0;
				PRODUCT_BUNDLE_IDENTIFIER = abozaid.yassir.MoviesApplication;
				PRODUCT_NAME = "$(TARGET_NAME)";
				SWIFT_EMIT_LOC_STRINGS = YES;
				SWIFT_VERSION = 5.0;
				TARGETED_DEVICE_FAMILY = "1,2";
			};
			name = Release;
		};
		6C50C4BB2B1665C1007A56E9 /* Debug */ = {
			isa = XCBuildConfiguration;
			buildSettings = {
				ALWAYS_EMBED_SWIFT_STANDARD_LIBRARIES = YES;
				BUNDLE_LOADER = "$(TEST_HOST)";
				CODE_SIGN_STYLE = Automatic;
				CURRENT_PROJECT_VERSION = 1;
				GENERATE_INFOPLIST_FILE = YES;
				IPHONEOS_DEPLOYMENT_TARGET = 17.0;
				MARKETING_VERSION = 1.0;
				PRODUCT_BUNDLE_IDENTIFIER = abozaid.yassir.MoviesApplicationTests;
				PRODUCT_NAME = "$(TARGET_NAME)";
				SWIFT_EMIT_LOC_STRINGS = NO;
				SWIFT_VERSION = 5.0;
				TARGETED_DEVICE_FAMILY = "1,2";
				TEST_HOST = "$(BUILT_PRODUCTS_DIR)/MoviesApplication.app/$(BUNDLE_EXECUTABLE_FOLDER_PATH)/MoviesApplication";
			};
			name = Debug;
		};
		6C50C4BC2B1665C1007A56E9 /* Release */ = {
			isa = XCBuildConfiguration;
			buildSettings = {
				ALWAYS_EMBED_SWIFT_STANDARD_LIBRARIES = YES;
				BUNDLE_LOADER = "$(TEST_HOST)";
				CODE_SIGN_STYLE = Automatic;
				CURRENT_PROJECT_VERSION = 1;
				GENERATE_INFOPLIST_FILE = YES;
				IPHONEOS_DEPLOYMENT_TARGET = 17.0;
				MARKETING_VERSION = 1.0;
				PRODUCT_BUNDLE_IDENTIFIER = abozaid.yassir.MoviesApplicationTests;
				PRODUCT_NAME = "$(TARGET_NAME)";
				SWIFT_EMIT_LOC_STRINGS = NO;
				SWIFT_VERSION = 5.0;
				TARGETED_DEVICE_FAMILY = "1,2";
				TEST_HOST = "$(BUILT_PRODUCTS_DIR)/MoviesApplication.app/$(BUNDLE_EXECUTABLE_FOLDER_PATH)/MoviesApplication";
			};
			name = Release;
		};
		6C50C4BE2B1665C1007A56E9 /* Debug */ = {
			isa = XCBuildConfiguration;
			buildSettings = {
				ALWAYS_EMBED_SWIFT_STANDARD_LIBRARIES = YES;
				CODE_SIGN_STYLE = Automatic;
				CURRENT_PROJECT_VERSION = 1;
				GENERATE_INFOPLIST_FILE = YES;
				MARKETING_VERSION = 1.0;
				PRODUCT_BUNDLE_IDENTIFIER = abozaid.yassir.MoviesApplicationUITests;
				PRODUCT_NAME = "$(TARGET_NAME)";
				SWIFT_EMIT_LOC_STRINGS = NO;
				SWIFT_VERSION = 5.0;
				TARGETED_DEVICE_FAMILY = "1,2";
				TEST_TARGET_NAME = MoviesApplication;
			};
			name = Debug;
		};
		6C50C4BF2B1665C1007A56E9 /* Release */ = {
			isa = XCBuildConfiguration;
			buildSettings = {
				ALWAYS_EMBED_SWIFT_STANDARD_LIBRARIES = YES;
				CODE_SIGN_STYLE = Automatic;
				CURRENT_PROJECT_VERSION = 1;
				GENERATE_INFOPLIST_FILE = YES;
				MARKETING_VERSION = 1.0;
				PRODUCT_BUNDLE_IDENTIFIER = abozaid.yassir.MoviesApplicationUITests;
				PRODUCT_NAME = "$(TARGET_NAME)";
				SWIFT_EMIT_LOC_STRINGS = NO;
				SWIFT_VERSION = 5.0;
				TARGETED_DEVICE_FAMILY = "1,2";
				TEST_TARGET_NAME = MoviesApplication;
			};
			name = Release;
		};
/* End XCBuildConfiguration section */

/* Begin XCConfigurationList section */
		6C50C48E2B1665BF007A56E9 /* Build configuration list for PBXProject "MoviesApplication" */ = {
			isa = XCConfigurationList;
			buildConfigurations = (
				6C50C4B52B1665C1007A56E9 /* Debug */,
				6C50C4B62B1665C1007A56E9 /* Release */,
			);
			defaultConfigurationIsVisible = 0;
			defaultConfigurationName = Release;
		};
		6C50C4B72B1665C1007A56E9 /* Build configuration list for PBXNativeTarget "MoviesApplication" */ = {
			isa = XCConfigurationList;
			buildConfigurations = (
				6C50C4B82B1665C1007A56E9 /* Debug */,
				6C50C4B92B1665C1007A56E9 /* Release */,
			);
			defaultConfigurationIsVisible = 0;
			defaultConfigurationName = Release;
		};
		6C50C4BA2B1665C1007A56E9 /* Build configuration list for PBXNativeTarget "MoviesApplicationTests" */ = {
			isa = XCConfigurationList;
			buildConfigurations = (
				6C50C4BB2B1665C1007A56E9 /* Debug */,
				6C50C4BC2B1665C1007A56E9 /* Release */,
			);
			defaultConfigurationIsVisible = 0;
			defaultConfigurationName = Release;
		};
		6C50C4BD2B1665C1007A56E9 /* Build configuration list for PBXNativeTarget "MoviesApplicationUITests" */ = {
			isa = XCConfigurationList;
			buildConfigurations = (
				6C50C4BE2B1665C1007A56E9 /* Debug */,
				6C50C4BF2B1665C1007A56E9 /* Release */,
			);
			defaultConfigurationIsVisible = 0;
			defaultConfigurationName = Release;
		};
/* End XCConfigurationList section */
	};
	rootObject = 6C50C48B2B1665BF007A56E9 /* Project object */;
}
